# This file is generated by running "yarn install" inside your project.
# Manual changes might be lost - proceed with caution!

__metadata:
  version: 4
  cacheKey: 8

"@soulofmischief/stream@workspace:.":
  version: 0.0.0-use.local
  resolution: "@soulofmischief/stream@workspace:."
  dependencies:
    mithril: ^2.0.4
  languageName: unknown
  linkType: soft

"mithril@npm:^2.0.4":
  version: 2.0.4
  resolution: "mithril@npm:2.0.4"
  bin:
    ospec: ./ospec/bin/ospec
  checksum: 6fb7bdc99489f399b92922ce7f16273dd18d4e6636152145882dc967c4562691f55bfeb6d7c9e2e28b5c3ffed31eea02ee2aaa4d68079526069cd65d0e2df84d
  languageName: node
  linkType: hard
